
Microsoft Visual Studio Solution File, Format Version 12.00
# Visual Studio Version 16
VisualStudioVersion = 16.0.31624.102
MinimumVisualStudioVersion = 10.0.40219.1
Project("{FAE04EC0-301F-11D3-BF4B-00C04F79EFBC}") = "Курсовой", "lab6\Курсовой.csproj", "{B6F1991C-A82D-4B0C-AC04-A4ABA6B9FF02}"
EndProject
Global
	GlobalSection(SolutionConfigurationPlatforms) = preSolution
		Debug|Any CPU = Debug|Any CPU
		Release|Any CPU = Release|Any CPU
	EndGlobalSection
	GlobalSection(ProjectConfigurationPlatforms) = postSolution
		{B6F1991C-A82D-4B0C-AC04-A4ABA6B9FF02}.Debug|Any CPU.ActiveCfg = Debug|Any CPU
		{B6F1991C-A82D-4B0C-AC04-A4ABA6B9FF02}.Debug|Any CPU.Build.0 = Debug|Any CPU
		{B6F1991C-A82D-4B0C-AC04-A4ABA6B9FF02}.Release|Any CPU.ActiveCfg = Release|Any CPU
		{B6F1991C-A82D-4B0C-AC04-A4ABA6B9FF02}.Release|Any CPU.Build.0 = Release|Any CPU
	EndGlobalSection
	GlobalSection(SolutionProperties) = preSolution
		HideSolutionNode = FALSE
	EndGlobalSection
	GlobalSection(ExtensibilityGlobals) = postSolution
		SolutionGuid = {191093B9-B423-4E3D-A5A3-65AED84EE1C4}
	EndGlobalSection
EndGlobal
